
Microsoft Visual Studio Solution File, Format Version 12.00
# Visual Studio Express 2012 for Windows Desktop
Project("{FAE04EC0-301F-11D3-BF4B-00C04F79EFBC}") = "sudo", "sudo.csproj", "{24F20E15-A9C9-4EC1-875A-80E5F19029AA}"
EndProject
Global
	GlobalSection(SolutionConfigurationPlatforms) = preSolution
		Debug|Any CPU = Debug|Any CPU
		Release|Any CPU = Release|Any CPU
	EndGlobalSection
	GlobalSection(ProjectConfigurationPlatforms) = postSolution
		{24F20E15-A9C9-4EC1-875A-80E5F19029AA}.Debug|Any CPU.ActiveCfg = Debug|Any CPU
		{24F20E15-A9C9-4EC1-875A-80E5F19029AA}.Debug|Any CPU.Build.0 = Debug|Any CPU
		{24F20E15-A9C9-4EC1-875A-80E5F19029AA}.Release|Any CPU.ActiveCfg = Release|Any CPU
		{24F20E15-A9C9-4EC1-875A-80E5F19029AA}.Release|Any CPU.Build.0 = Release|Any CPU
	EndGlobalSection
	GlobalSection(SolutionProperties) = preSolution
		HideSolutionNode = FALSE
	EndGlobalSection
EndGlobal
